
Microsoft Visual Studio Solution File, Format Version 12.00
# Visual Studio 15
VisualStudioVersion = 15.0.27130.2036
MinimumVisualStudioVersion = 10.0.40219.1
Project("{888888A0-9F3D-457C-B088-3A5042F75D52}") = "FlaskWebProject1", "FlaskWebProject1\FlaskWebProject1.pyproj", "{152F2BB0-54A0-47DA-B8FC-FAF867B1C816}"
EndProject
Global
	GlobalSection(SolutionConfigurationPlatforms) = preSolution
		Debug|Any CPU = Debug|Any CPU
		Release|Any CPU = Release|Any CPU
	EndGlobalSection
	GlobalSection(ProjectConfigurationPlatforms) = postSolution
		{152F2BB0-54A0-47DA-B8FC-FAF867B1C816}.Debug|Any CPU.ActiveCfg = Debug|Any CPU
		{152F2BB0-54A0-47DA-B8FC-FAF867B1C816}.Debug|Any CPU.Build.0 = Debug|Any CPU
		{152F2BB0-54A0-47DA-B8FC-FAF867B1C816}.Release|Any CPU.ActiveCfg = Release|Any CPU
		{152F2BB0-54A0-47DA-B8FC-FAF867B1C816}.Release|Any CPU.Build.0 = Release|Any CPU
	EndGlobalSection
	GlobalSection(SolutionProperties) = preSolution
		HideSolutionNode = FALSE
	EndGlobalSection
	GlobalSection(ExtensibilityGlobals) = postSolution
		SolutionGuid = {FE2FC3F3-ECD1-4195-BB34-6E2548939C47}
	EndGlobalSection
EndGlobal
